
Microsoft Visual Studio Solution File, Format Version 12.00
# Visual Studio 15
VisualStudioVersion = 15.0.27703.2018
MinimumVisualStudioVersion = 10.0.40219.1
Project("{FAE04EC0-301F-11D3-BF4B-00C04F79EFBC}") = "SomaliEbayProject", "SomaliEbayProject\SomaliEbayProject.csproj", "{8E535D64-508D-47E4-95E1-E5E9D3F7FB39}"
EndProject
Global
	GlobalSection(SolutionConfigurationPlatforms) = preSolution
		Debug|Any CPU = Debug|Any CPU
		Release|Any CPU = Release|Any CPU
	EndGlobalSection
	GlobalSection(ProjectConfigurationPlatforms) = postSolution
		{8E535D64-508D-47E4-95E1-E5E9D3F7FB39}.Debug|Any CPU.ActiveCfg = Debug|Any CPU
		{8E535D64-508D-47E4-95E1-E5E9D3F7FB39}.Debug|Any CPU.Build.0 = Debug|Any CPU
		{8E535D64-508D-47E4-95E1-E5E9D3F7FB39}.Release|Any CPU.ActiveCfg = Release|Any CPU
		{8E535D64-508D-47E4-95E1-E5E9D3F7FB39}.Release|Any CPU.Build.0 = Release|Any CPU
	EndGlobalSection
	GlobalSection(SolutionProperties) = preSolution
		HideSolutionNode = FALSE
	EndGlobalSection
	GlobalSection(ExtensibilityGlobals) = postSolution
		SolutionGuid = {2413CC99-FC4F-4995-A483-0D6C5583720A}
	EndGlobalSection
EndGlobal
